
Microsoft Visual Studio Solution File, Format Version 12.00
# Visual Studio Version 17
VisualStudioVersion = 17.5.33627.172
MinimumVisualStudioVersion = 10.0.40219.1
Project("{FAE04EC0-301F-11D3-BF4B-00C04F79EFBC}") = "encrypting", "encrypting.csproj", "{843D4199-A303-431B-81D8-D45EB2832C54}"
EndProject
Global
	GlobalSection(SolutionConfigurationPlatforms) = preSolution
		Debug|Any CPU = Debug|Any CPU
		Release|Any CPU = Release|Any CPU
	EndGlobalSection
	GlobalSection(ProjectConfigurationPlatforms) = postSolution
		{843D4199-A303-431B-81D8-D45EB2832C54}.Debug|Any CPU.ActiveCfg = Debug|Any CPU
		{843D4199-A303-431B-81D8-D45EB2832C54}.Debug|Any CPU.Build.0 = Debug|Any CPU
		{843D4199-A303-431B-81D8-D45EB2832C54}.Release|Any CPU.ActiveCfg = Release|Any CPU
		{843D4199-A303-431B-81D8-D45EB2832C54}.Release|Any CPU.Build.0 = Release|Any CPU
	EndGlobalSection
	GlobalSection(SolutionProperties) = preSolution
		HideSolutionNode = FALSE
	EndGlobalSection
	GlobalSection(ExtensibilityGlobals) = postSolution
		SolutionGuid = {984C5798-4313-4895-854D-FC219A34E1C4}
	EndGlobalSection
EndGlobal
